
Microsoft Visual Studio Solution File, Format Version 12.00
# Visual Studio Version 17
VisualStudioVersion = 17.0.31903.59
MinimumVisualStudioVersion = 10.0.40219.1
Project("{FAE04EC0-301F-11D3-BF4B-00C04F79EFBC}") = "StockApp.Api", "StockApp.Api\StockApp.Api.csproj", "{C4A9AA5D-0C05-4CDE-B777-51BE6FE63497}"
EndProject
Project("{FAE04EC0-301F-11D3-BF4B-00C04F79EFBC}") = "StockApp.Web", "StockApp.Web\StockApp.Web.csproj", "{B3604D3E-E30E-4EF7-801B-D93B1FD4FA2F}"
EndProject
Project("{FAE04EC0-301F-11D3-BF4B-00C04F79EFBC}") = "StockApp.Application", "StockApp.Application\StockApp.Application.csproj", "{93F8AA5D-DFE0-45DA-871F-FCE8A25495B8}"
EndProject
Project("{FAE04EC0-301F-11D3-BF4B-00C04F79EFBC}") = "StockApp.Infrastructure", "StockApp.Infrastructure\StockApp.Infrastructure.csproj", "{B41C3700-AC39-4B26-A8FC-6353F3232CE9}"
EndProject
Project("{FAE04EC0-301F-11D3-BF4B-00C04F79EFBC}") = "StockApp.Domain", "StockApp.Domain\StockApp.Domain.csproj", "{580D1CDE-D526-47D2-9B4A-41CAFBD4F64E}"
EndProject
Global
	GlobalSection(SolutionConfigurationPlatforms) = preSolution
		Debug|Any CPU = Debug|Any CPU
		Release|Any CPU = Release|Any CPU
	EndGlobalSection
	GlobalSection(SolutionProperties) = preSolution
		HideSolutionNode = FALSE
	EndGlobalSection
	GlobalSection(ProjectConfigurationPlatforms) = postSolution
		{C4A9AA5D-0C05-4CDE-B777-51BE6FE63497}.Debug|Any CPU.ActiveCfg = Debug|Any CPU
		{C4A9AA5D-0C05-4CDE-B777-51BE6FE63497}.Debug|Any CPU.Build.0 = Debug|Any CPU
		{C4A9AA5D-0C05-4CDE-B777-51BE6FE63497}.Release|Any CPU.ActiveCfg = Release|Any CPU
		{C4A9AA5D-0C05-4CDE-B777-51BE6FE63497}.Release|Any CPU.Build.0 = Release|Any CPU
		{B3604D3E-E30E-4EF7-801B-D93B1FD4FA2F}.Debug|Any CPU.ActiveCfg = Debug|Any CPU
		{B3604D3E-E30E-4EF7-801B-D93B1FD4FA2F}.Debug|Any CPU.Build.0 = Debug|Any CPU
		{B3604D3E-E30E-4EF7-801B-D93B1FD4FA2F}.Release|Any CPU.ActiveCfg = Release|Any CPU
		{B3604D3E-E30E-4EF7-801B-D93B1FD4FA2F}.Release|Any CPU.Build.0 = Release|Any CPU
		{93F8AA5D-DFE0-45DA-871F-FCE8A25495B8}.Debug|Any CPU.ActiveCfg = Debug|Any CPU
		{93F8AA5D-DFE0-45DA-871F-FCE8A25495B8}.Debug|Any CPU.Build.0 = Debug|Any CPU
		{93F8AA5D-DFE0-45DA-871F-FCE8A25495B8}.Release|Any CPU.ActiveCfg = Release|Any CPU
		{93F8AA5D-DFE0-45DA-871F-FCE8A25495B8}.Release|Any CPU.Build.0 = Release|Any CPU
		{B41C3700-AC39-4B26-A8FC-6353F3232CE9}.Debug|Any CPU.ActiveCfg = Debug|Any CPU
		{B41C3700-AC39-4B26-A8FC-6353F3232CE9}.Debug|Any CPU.Build.0 = Debug|Any CPU
		{B41C3700-AC39-4B26-A8FC-6353F3232CE9}.Release|Any CPU.ActiveCfg = Release|Any CPU
		{B41C3700-AC39-4B26-A8FC-6353F3232CE9}.Release|Any CPU.Build.0 = Release|Any CPU
		{580D1CDE-D526-47D2-9B4A-41CAFBD4F64E}.Debug|Any CPU.ActiveCfg = Debug|Any CPU
		{580D1CDE-D526-47D2-9B4A-41CAFBD4F64E}.Debug|Any CPU.Build.0 = Debug|Any CPU
		{580D1CDE-D526-47D2-9B4A-41CAFBD4F64E}.Release|Any CPU.ActiveCfg = Release|Any CPU
		{580D1CDE-D526-47D2-9B4A-41CAFBD4F64E}.Release|Any CPU.Build.0 = Release|Any CPU
	EndGlobalSection
EndGlobal
